
Microsoft Visual Studio Solution File, Format Version 11.00
# Visual Studio 2010
Project("{FAE04EC0-301F-11D3-BF4B-00C04F79EFBC}") = "Real Time Trip Advisor", "Assembly-CSharp.csproj", "{D96C79B5-7996-5726-17DD-7028B3E01D13}"
EndProject
Global
	GlobalSection(SolutionConfigurationPlatforms) = preSolution
		Debug|Any CPU = Debug|Any CPU
		Release|Any CPU = Release|Any CPU
	EndGlobalSection
	GlobalSection(ProjectConfigurationPlatforms) = postSolution
		{D96C79B5-7996-5726-17DD-7028B3E01D13}.Debug|Any CPU.ActiveCfg = Debug|Any CPU
		{D96C79B5-7996-5726-17DD-7028B3E01D13}.Debug|Any CPU.Build.0 = Debug|Any CPU
		{D96C79B5-7996-5726-17DD-7028B3E01D13}.Release|Any CPU.ActiveCfg = Release|Any CPU
		{D96C79B5-7996-5726-17DD-7028B3E01D13}.Release|Any CPU.Build.0 = Release|Any CPU
	EndGlobalSection
	GlobalSection(SolutionProperties) = preSolution
		HideSolutionNode = FALSE
	EndGlobalSection
	GlobalSection(MonoDevelopProperties) = preSolution
		StartupItem = Assembly-CSharp.csproj
	EndGlobalSection
EndGlobal
